Microsoft Visual Studio Solution File, Format Version 12.00
# Visual Studio Version 17
VisualStudioVersion = 17.5.2.0
MinimumVisualStudioVersion = 10.0.40219.1
Project("{FAE04EC0-301F-11D3-BF4B-00C04F79EFBC}") = "SistemaGestionAcademias", "SistemaGestionAcademias\SistemaGestionAcademias.csproj", "{608AE984-6BCE-F4AE-E0E1-22EAFD873DBE}"
EndProject
Global
	GlobalSection(SolutionConfigurationPlatforms) = preSolution
		Debug|Any CPU = Debug|Any CPU
		Release|Any CPU = Release|Any CPU
	EndGlobalSection
	GlobalSection(ProjectConfigurationPlatforms) = postSolution
		{608AE984-6BCE-F4AE-E0E1-22EAFD873DBE}.Debug|Any CPU.ActiveCfg = Debug|Any CPU
		{608AE984-6BCE-F4AE-E0E1-22EAFD873DBE}.Debug|Any CPU.Build.0 = Debug|Any CPU
		{608AE984-6BCE-F4AE-E0E1-22EAFD873DBE}.Release|Any CPU.ActiveCfg = Release|Any CPU
		{608AE984-6BCE-F4AE-E0E1-22EAFD873DBE}.Release|Any CPU.Build.0 = Release|Any CPU
	EndGlobalSection
	GlobalSection(SolutionProperties) = preSolution
		HideSolutionNode = FALSE
	EndGlobalSection
	GlobalSection(ExtensibilityGlobals) = postSolution
		SolutionGuid = {4513923C-D689-43B7-89CC-5477FF3B0518}
	EndGlobalSection
EndGlobal
