Microsoft Visual Studio Solution File, Format Version 12.00
# Visual Studio Version 17
VisualStudioVersion = 17.8.34330.188
MinimumVisualStudioVersion = 10.0.40219.1
Project("{2150E333-8FDC-42A3-9474-1A3956D46DE8}") = "src", "src", "{A1B2C3D4-1111-1111-1111-000000000001}"
EndProject
Project("{FAE04EC0-301F-11D3-BF4B-00C04F79EFBC}") = "ERP.TallerAutomotriz.Domain", "src\ERP.TallerAutomotriz.Domain\ERP.TallerAutomotriz.Domain.csproj", "{D0000001-0000-0000-0000-000000000001}"
EndProject
Project("{FAE04EC0-301F-11D3-BF4B-00C04F79EFBC}") = "ERP.TallerAutomotriz.Application", "src\ERP.TallerAutomotriz.Application\ERP.TallerAutomotriz.Application.csproj", "{D0000001-0000-0000-0000-000000000002}"
EndProject
Project("{FAE04EC0-301F-11D3-BF4B-00C04F79EFBC}") = "ERP.TallerAutomotriz.Infrastructure", "src\ERP.TallerAutomotriz.Infrastructure\ERP.TallerAutomotriz.Infrastructure.csproj", "{D0000001-0000-0000-0000-000000000003}"
EndProject
Project("{FAE04EC0-301F-11D3-BF4B-00C04F79EFBC}") = "ERP.TallerAutomotriz.Web", "src\ERP.TallerAutomotriz.Web\ERP.TallerAutomotriz.Web.csproj", "{D0000001-0000-0000-0000-000000000004}"
EndProject
Global
	GlobalSection(SolutionConfigurationPlatforms) = preSolution
		Debug|Any CPU = Debug|Any CPU
		Release|Any CPU = Release|Any CPU
	EndGlobalSection
	GlobalSection(ProjectConfigurationPlatforms) = postSolution
		{D0000001-0000-0000-0000-000000000001}.Debug|Any CPU.ActiveCfg = Debug|Any CPU
		{D0000001-0000-0000-0000-000000000001}.Debug|Any CPU.Build.0 = Debug|Any CPU
		{D0000001-0000-0000-0000-000000000001}.Release|Any CPU.ActiveCfg = Release|Any CPU
		{D0000001-0000-0000-0000-000000000001}.Release|Any CPU.Build.0 = Release|Any CPU
		{D0000001-0000-0000-0000-000000000002}.Debug|Any CPU.ActiveCfg = Debug|Any CPU
		{D0000001-0000-0000-0000-000000000002}.Debug|Any CPU.Build.0 = Debug|Any CPU
		{D0000001-0000-0000-0000-000000000002}.Release|Any CPU.ActiveCfg = Release|Any CPU
		{D0000001-0000-0000-0000-000000000002}.Release|Any CPU.Build.0 = Release|Any CPU
		{D0000001-0000-0000-0000-000000000003}.Debug|Any CPU.ActiveCfg = Debug|Any CPU
		{D0000001-0000-0000-0000-000000000003}.Debug|Any CPU.Build.0 = Debug|Any CPU
		{D0000001-0000-0000-0000-000000000003}.Release|Any CPU.ActiveCfg = Release|Any CPU
		{D0000001-0000-0000-0000-000000000003}.Release|Any CPU.Build.0 = Release|Any CPU
		{D0000001-0000-0000-0000-000000000004}.Debug|Any CPU.ActiveCfg = Debug|Any CPU
		{D0000001-0000-0000-0000-000000000004}.Debug|Any CPU.Build.0 = Debug|Any CPU
		{D0000001-0000-0000-0000-000000000004}.Release|Any CPU.ActiveCfg = Release|Any CPU
		{D0000001-0000-0000-0000-000000000004}.Release|Any CPU.Build.0 = Release|Any CPU
	EndGlobalSection
	GlobalSection(SolutionProperties) = preSolution
		HideSolutionNode = FALSE
	EndGlobalSection
	GlobalSection(NestedProjects) = preSolution
		{D0000001-0000-0000-0000-000000000001} = {A1B2C3D4-1111-1111-1111-000000000001}
		{D0000001-0000-0000-0000-000000000002} = {A1B2C3D4-1111-1111-1111-000000000001}
		{D0000001-0000-0000-0000-000000000003} = {A1B2C3D4-1111-1111-1111-000000000001}
		{D0000001-0000-0000-0000-000000000004} = {A1B2C3D4-1111-1111-1111-000000000001}
	EndGlobalSection
EndGlobal
